// !$*UTF8*$!
{
	archiveVersion = 1;
	classes = {
	};
	objectVersion = 77;
	objects = {

/* Begin PBXBuildFile section */
		C4B341E52E008ED9005A166B /* FirebaseDatabase in Frameworks */ = {isa = PBXBuildFile; productRef = C4B341E42E008ED9005A166B /* FirebaseDatabase */; };
		C4B341E72E008ED9005A166B /* FirebaseDatabaseSwift in Frameworks */ = {isa = PBXBuildFile; productRef = C4B341E62E008ED9005A166B /* FirebaseDatabaseSwift */; };
		C4B341E92E008ED9005A166B /* FirebaseFirestoreCombine-Community in Frameworks */ = {isa = PBXBuildFile; productRef = C4B341E82E008ED9005A166B /* FirebaseFirestoreCombine-Community */; };
		C4B341EB2E008ED9005A166B /* FirebaseStorage in Frameworks */ = {isa = PBXBuildFile; productRef = C4B341EA2E008ED9005A166B /* FirebaseStorage */; };
		C4F6F24F2DFD87AD003E65BE /* FirebaseAuth in Frameworks */ = {isa = PBXBuildFile; productRef = C4F6F24E2DFD87AD003E65BE /* FirebaseAuth */; };
		C4F6F2512DFD87AD003E65BE /* FirebaseFirestore in Frameworks */ = {isa = PBXBuildFile; productRef = C4F6F2502DFD87AD003E65BE /* FirebaseFirestore */; };
		C4F6F2532DFD87AD003E65BE /* FirebaseFirestoreSwift in Frameworks */ = {isa = PBXBuildFile; productRef = C4F6F2522DFD87AD003E65BE /* FirebaseFirestoreSwift */; };
/* End PBXBuildFile section */

/* Begin PBXContainerItemProxy section */
		C46698A12DF421C50094202D /* PBXContainerItemProxy */ = {
			isa = PBXContainerItemProxy;
			containerPortal = C466988B2DF421C40094202D /* Project object */;
			proxyType = 1;
			remoteGlobalIDString = C46698922DF421C40094202D;
			remoteInfo = ToDoListApp;
		};
		C46698AB2DF421C50094202D /* PBXContainerItemProxy */ = {
			isa = PBXContainerItemProxy;
			containerPortal = C466988B2DF421C40094202D /* Project object */;
			proxyType = 1;
			remoteGlobalIDString = C46698922DF421C40094202D;
			remoteInfo = ToDoListApp;
		};
/* End PBXContainerItemProxy section */

/* Begin PBXFileReference section */
		C46698932DF421C40094202D /* ToDoListApp.app */ = {isa = PBXFileReference; explicitFileType = wrapper.application; includeInIndex = 0; path = ToDoListApp.app; sourceTree = BUILT_PRODUCTS_DIR; };
		C46698A02DF421C50094202D /* ToDoListAppTests.xctest */ = {isa = PBXFileReference; explicitFileType = wrapper.cfbundle; includeInIndex = 0; path = ToDoListAppTests.xctest; sourceTree = BUILT_PRODUCTS_DIR; };
		C46698AA2DF421C50094202D /* ToDoListAppUITests.xctest */ = {isa = PBXFileReference; explicitFileType = wrapper.cfbundle; includeInIndex = 0; path = ToDoListAppUITests.xctest; sourceTree = BUILT_PRODUCTS_DIR; };
/* End PBXFileReference section */

/* Begin PBXFileSystemSynchronizedBuildFileExceptionSet section */
		C46698C62DF429720094202D /* Exceptions for "ToDoListApp" folder in "ToDoListAppTests" target */ = {
			isa = PBXFileSystemSynchronizedBuildFileExceptionSet;
			membershipExceptions = (
				"Other/GoogleService-Info.plist",
			);
			target = C466989F2DF421C50094202D /* ToDoListAppTests */;
		};
		C46698C72DF429720094202D /* Exceptions for "ToDoListApp" folder in "ToDoListAppUITests" target */ = {
			isa = PBXFileSystemSynchronizedBuildFileExceptionSet;
			membershipExceptions = (
				"Other/GoogleService-Info.plist",
			);
			target = C46698A92DF421C50094202D /* ToDoListAppUITests */;
		};
/* End PBXFileSystemSynchronizedBuildFileExceptionSet section */

/* Begin PBXFileSystemSynchronizedRootGroup section */
		C46698952DF421C40094202D /* ToDoListApp */ = {
			isa = PBXFileSystemSynchronizedRootGroup;
			exceptions = (
				C46698C62DF429720094202D /* Exceptions for "ToDoListApp" folder in "ToDoListAppTests" target */,
				C46698C72DF429720094202D /* Exceptions for "ToDoListApp" folder in "ToDoListAppUITests" target */,
			);
			path = ToDoListApp;
			sourceTree = "<group>";
		};
		C46698A32DF421C50094202D /* ToDoListAppTests */ = {
			isa = PBXFileSystemSynchronizedRootGroup;
			path = ToDoListAppTests;
			sourceTree = "<group>";
		};
		C46698AD2DF421C50094202D /* ToDoListAppUITests */ = {
			isa = PBXFileSystemSynchronizedRootGroup;
			path = ToDoListAppUITests;
			sourceTree = "<group>";
		};
/* End PBXFileSystemSynchronizedRootGroup section */

/* Begin PBXFrameworksBuildPhase section */
		C46698902DF421C40094202D /* Frameworks */ = {
			isa = PBXFrameworksBuildPhase;
			buildActionMask = 2147483647;
			files = (
				C4B341E72E008ED9005A166B /* FirebaseDatabaseSwift in Frameworks */,
				C4F6F24F2DFD87AD003E65BE /* FirebaseAuth in Frameworks */,
				C4F6F2512DFD87AD003E65BE /* FirebaseFirestore in Frameworks */,
				C4B341E92E008ED9005A166B /* FirebaseFirestoreCombine-Community in Frameworks */,
				C4B341EB2E008ED9005A166B /* FirebaseStorage in Frameworks */,
				C4B341E52E008ED9005A166B /* FirebaseDatabase in Frameworks */,
				C4F6F2532DFD87AD003E65BE /* FirebaseFirestoreSwift in Frameworks */,
			);
			runOnlyForDeploymentPostprocessing = 0;
		};
		C466989D2DF421C50094202D /* Frameworks */ = {
			isa = PBXFrameworksBuildPhase;
			buildActionMask = 2147483647;
			files = (
			);
			runOnlyForDeploymentPostprocessing = 0;
		};
		C46698A72DF421C50094202D /* Frameworks */ = {
			isa = PBXFrameworksBuildPhase;
			buildActionMask = 2147483647;
			files = (
			);
			runOnlyForDeploymentPostprocessing = 0;
		};
/* End PBXFrameworksBuildPhase section */

/* Begin PBXGroup section */
		C466988A2DF421C40094202D = {
			isa = PBXGroup;
			children = (
				C46698952DF421C40094202D /* ToDoListApp */,
				C46698A32DF421C50094202D /* ToDoListAppTests */,
				C46698AD2DF421C50094202D /* ToDoListAppUITests */,
				C46698942DF421C40094202D /* Products */,
			);
			sourceTree = "<group>";
		};
		C46698942DF421C40094202D /* Products */ = {
			isa = PBXGroup;
			children = (
				C46698932DF421C40094202D /* ToDoListApp.app */,
				C46698A02DF421C50094202D /* ToDoListAppTests.xctest */,
				C46698AA2DF421C50094202D /* ToDoListAppUITests.xctest */,
			);
			name = Products;
			sourceTree = "<group>";
		};
/* End PBXGroup section */

/* Begin PBXNativeTarget section */
		C46698922DF421C40094202D /* ToDoListApp */ = {
			isa = PBXNativeTarget;
			buildConfigurationList = C46698B42DF421C50094202D /* Build configuration list for PBXNativeTarget "ToDoListApp" */;
			buildPhases = (
				C466988F2DF421C40094202D /* Sources */,
				C46698902DF421C40094202D /* Frameworks */,
				C46698912DF421C40094202D /* Resources */,
			);
			buildRules = (
			);
			dependencies = (
			);
			fileSystemSynchronizedGroups = (
				C46698952DF421C40094202D /* ToDoListApp */,
			);
			name = ToDoListApp;
			packageProductDependencies = (
				C4F6F24E2DFD87AD003E65BE /* FirebaseAuth */,
				C4F6F2502DFD87AD003E65BE /* FirebaseFirestore */,
				C4F6F2522DFD87AD003E65BE /* FirebaseFirestoreSwift */,
				C4B341E42E008ED9005A166B /* FirebaseDatabase */,
				C4B341E62E008ED9005A166B /* FirebaseDatabaseSwift */,
				C4B341E82E008ED9005A166B /* FirebaseFirestoreCombine-Community */,
				C4B341EA2E008ED9005A166B /* FirebaseStorage */,
			);
			productName = ToDoListApp;
			productReference = C46698932DF421C40094202D /* ToDoListApp.app */;
			productType = "com.apple.product-type.application";
		};
		C466989F2DF421C50094202D /* ToDoListAppTests */ = {
			isa = PBXNativeTarget;
			buildConfigurationList = C46698B72DF421C50094202D /* Build configuration list for PBXNativeTarget "ToDoListAppTests" */;
			buildPhases = (
				C466989C2DF421C50094202D /* Sources */,
				C466989D2DF421C50094202D /* Frameworks */,
				C466989E2DF421C50094202D /* Resources */,
			);
			buildRules = (
			);
			dependencies = (
				C46698A22DF421C50094202D /* PBXTargetDependency */,
			);
			fileSystemSynchronizedGroups = (
				C46698A32DF421C50094202D /* ToDoListAppTests */,
			);
			name = ToDoListAppTests;
			packageProductDependencies = (
			);
			productName = ToDoListAppTests;
			productReference = C46698A02DF421C50094202D /* ToDoListAppTests.xctest */;
			productType = "com.apple.product-type.bundle.unit-test";
		};
		C46698A92DF421C50094202D /* ToDoListAppUITests */ = {
			isa = PBXNativeTarget;
			buildConfigurationList = C46698BA2DF421C50094202D /* Build configuration list for PBXNativeTarget "ToDoListAppUITests" */;
			buildPhases = (
				C46698A62DF421C50094202D /* Sources */,
				C46698A72DF421C50094202D /* Frameworks */,
				C46698A82DF421C50094202D /* Resources */,
			);
			buildRules = (
			);
			dependencies = (
				C46698AC2DF421C50094202D /* PBXTargetDependency */,
			);
			fileSystemSynchronizedGroups = (
				C46698AD2DF421C50094202D /* ToDoListAppUITests */,
			);
			name = ToDoListAppUITests;
			packageProductDependencies = (
			);
			productName = ToDoListAppUITests;
			productReference = C46698AA2DF421C50094202D /* ToDoListAppUITests.xctest */;
			productType = "com.apple.product-type.bundle.ui-testing";
		};
/* End PBXNativeTarget section */

/* Begin PBXProject section */
		C466988B2DF421C40094202D /* Project object */ = {
			isa = PBXProject;
			attributes = {
				BuildIndependentTargetsInParallel = 1;
				LastSwiftUpdateCheck = 1640;
				LastUpgradeCheck = 1640;
				TargetAttributes = {
					C46698922DF421C40094202D = {
						CreatedOnToolsVersion = 16.4;
					};
					C466989F2DF421C50094202D = {
						CreatedOnToolsVersion = 16.4;
						TestTargetID = C46698922DF421C40094202D;
					};
					C46698A92DF421C50094202D = {
						CreatedOnToolsVersion = 16.4;
						TestTargetID = C46698922DF421C40094202D;
					};
				};
			};
			buildConfigurationList = C466988E2DF421C40094202D /* Build configuration list for PBXProject "ToDoListApp" */;
			developmentRegion = en;
			hasScannedForEncodings = 0;
			knownRegions = (
				en,
				Base,
			);
			mainGroup = C466988A2DF421C40094202D;
			minimizedProjectReferenceProxies = 1;
			packageReferences = (
				C4F6F24D2DFD87AD003E65BE /* XCRemoteSwiftPackageReference "firebase-ios-sdk" */,
			);
			preferredProjectObjectVersion = 77;
			productRefGroup = C46698942DF421C40094202D /* Products */;
			projectDirPath = "";
			projectRoot = "";
			targets = (
				C46698922DF421C40094202D /* ToDoListApp */,
				C466989F2DF421C50094202D /* ToDoListAppTests */,
				C46698A92DF421C50094202D /* ToDoListAppUITests */,
			);
		};
/* End PBXProject section */

/* Begin PBXResourcesBuildPhase section */
		C46698912DF421C40094202D /* Resources */ = {
			isa = PBXResourcesBuildPhase;
			buildActionMask = 2147483647;
			files = (
			);
			runOnlyForDeploymentPostprocessing = 0;
		};
		C466989E2DF421C50094202D /* Resources */ = {
			isa = PBXResourcesBuildPhase;
			buildActionMask = 2147483647;
			files = (
			);
			runOnlyForDeploymentPostprocessing = 0;
		};
		C46698A82DF421C50094202D /* Resources */ = {
			isa = PBXResourcesBuildPhase;
			buildActionMask = 2147483647;
			files = (
			);
			runOnlyForDeploymentPostprocessing = 0;
		};
/* End PBXResourcesBuildPhase section */

/* Begin PBXSourcesBuildPhase section */
		C466988F2DF421C40094202D /* Sources */ = {
			isa = PBXSourcesBuildPhase;
			buildActionMask = 2147483647;
			files = (
			);
			runOnlyForDeploymentPostprocessing = 0;
		};
		C466989C2DF421C50094202D /* Sources */ = {
			isa = PBXSourcesBuildPhase;
			buildActionMask = 2147483647;
			files = (
			);
			runOnlyForDeploymentPostprocessing = 0;
		};
		C46698A62DF421C50094202D /* Sources */ = {
			isa = PBXSourcesBuildPhase;
			buildActionMask = 2147483647;
			files = (
			);
			runOnlyForDeploymentPostprocessing = 0;
		};
/* End PBXSourcesBuildPhase section */

/* Begin PBXTargetDependency section */
		C46698A22DF421C50094202D /* PBXTargetDependency */ = {
			isa = PBXTargetDependency;
			target = C46698922DF421C40094202D /* ToDoListApp */;
			targetProxy = C46698A12DF421C50094202D /* PBXContainerItemProxy */;
		};
		C46698AC2DF421C50094202D /* PBXTargetDependency */ = {
			isa = PBXTargetDependency;
			target = C46698922DF421C40094202D /* ToDoListApp */;
			targetProxy = C46698AB2DF421C50094202D /* PBXContainerItemProxy */;
		};
/* End PBXTargetDependency section */

/* Begin XCBuildConfiguration section */
		C46698B22DF421C50094202D /* Debug */ = {
			isa = XCBuildConfiguration;
			buildSettings = {
				ALWAYS_SEARCH_USER_PATHS = NO;
				ASSETCATALOG_COMPILER_GENERATE_SWIFT_ASSET_SYMBOL_EXTENSIONS = YES;
				CLANG_ANALYZER_NONNULL = YES;
				CLANG_ANALYZER_NUMBER_OBJECT_CONVERSION = YES_AGGRESSIVE;
				CLANG_CXX_LANGUAGE_STANDARD = "gnu++20";
				CLANG_ENABLE_MODULES = YES;
				CLANG_ENABLE_OBJC_ARC = YES;
				CLANG_ENABLE_OBJC_WEAK = YES;
				CLANG_WARN_BLOCK_CAPTURE_AUTORELEASING = YES;
				CLANG_WARN_BOOL_CONVERSION = YES;
				CLANG_WARN_COMMA = YES;
				CLANG_WARN_CONSTANT_CONVERSION = YES;
				CLANG_WARN_DEPRECATED_OBJC_IMPLEMENTATIONS = YES;
				CLANG_WARN_DIRECT_OBJC_ISA_USAGE = YES_ERROR;
				CLANG_WARN_DOCUMENTATION_COMMENTS = YES;
				CLANG_WARN_EMPTY_BODY = YES;
				CLANG_WARN_ENUM_CONVERSION = YES;
				CLANG_WARN_INFINITE_RECURSION = YES;
				CLANG_WARN_INT_CONVERSION = YES;
				CLANG_WARN_NON_LITERAL_NULL_CONVERSION = YES;
				CLANG_WARN_OBJC_IMPLICIT_RETAIN_SELF = YES;
				CLANG_WARN_OBJC_LITERAL_CONVERSION = YES;
				CLANG_WARN_OBJC_ROOT_CLASS = YES_ERROR;
				CLANG_WARN_QUOTED_INCLUDE_IN_FRAMEWORK_HEADER = YES;
				CLANG_WARN_RANGE_LOOP_ANALYSIS = YES;
				CLANG_WARN_STRICT_PROTOTYPES = YES;
				CLANG_WARN_SUSPICIOUS_MOVE = YES;
				CLANG_WARN_UNGUARDED_AVAILABILITY = YES_AGGRESSIVE;
				CLANG_WARN_UNREACHABLE_CODE = YES;
				CLANG_WARN__DUPLICATE_METHOD_MATCH = YES;
				COPY_PHASE_STRIP = NO;
				DEBUG_INFORMATION_FORMAT = dwarf;
				ENABLE_STRICT_OBJC_MSGSEND = YES;
				ENABLE_TESTABILITY = YES;
				ENABLE_USER_SCRIPT_SANDBOXING = YES;
				GCC_C_LANGUAGE_STANDARD = gnu17;
				GCC_DYNAMIC_NO_PIC = NO;
				GCC_NO_COMMON_BLOCKS = YES;
				GCC_OPTIMIZATION_LEVEL = 0;
				GCC_PREPROCESSOR_DEFINITIONS = (
					"DEBUG=1",
					"$(inherited)",
				);
				GCC_WARN_64_TO_32_BIT_CONVERSION = YES;
				GCC_WARN_ABOUT_RETURN_TYPE = YES_ERROR;
				GCC_WARN_UNDECLARED_SELECTOR = YES;
				GCC_WARN_UNINITIALIZED_AUTOS = YES_AGGRESSIVE;
				GCC_WARN_UNUSED_FUNCTION = YES;
				GCC_WARN_UNUSED_VARIABLE = YES;
				IPHONEOS_DEPLOYMENT_TARGET = 18.5;
				LOCALIZATION_PREFERS_STRING_CATALOGS = YES;
				MTL_ENABLE_DEBUG_INFO = INCLUDE_SOURCE;
				MTL_FAST_MATH = YES;
				ONLY_ACTIVE_ARCH = YES;
				SDKROOT = iphoneos;
				SWIFT_ACTIVE_COMPILATION_CONDITIONS = "DEBUG $(inherited)";
				SWIFT_OPTIMIZATION_LEVEL = "-Onone";
			};
			name = Debug;
		};
		C46698B32DF421C50094202D /* Release */ = {
			isa = XCBuildConfiguration;
			buildSettings = {
				ALWAYS_SEARCH_USER_PATHS = NO;
				ASSETCATALOG_COMPILER_GENERATE_SWIFT_ASSET_SYMBOL_EXTENSIONS = YES;
				CLANG_ANALYZER_NONNULL = YES;
				CLANG_ANALYZER_NUMBER_OBJECT_CONVERSION = YES_AGGRESSIVE;
				CLANG_CXX_LANGUAGE_STANDARD = "gnu++20";
				CLANG_ENABLE_MODULES = YES;
				CLANG_ENABLE_OBJC_ARC = YES;
				CLANG_ENABLE_OBJC_WEAK = YES;
				CLANG_WARN_BLOCK_CAPTURE_AUTORELEASING = YES;
				CLANG_WARN_BOOL_CONVERSION = YES;
				CLANG_WARN_COMMA = YES;
				CLANG_WARN_CONSTANT_CONVERSION = YES;
				CLANG_WARN_DEPRECATED_OBJC_IMPLEMENTATIONS = YES;
				CLANG_WARN_DIRECT_OBJC_ISA_USAGE = YES_ERROR;
				CLANG_WARN_DOCUMENTATION_COMMENTS = YES;
				CLANG_WARN_EMPTY_BODY = YES;
				CLANG_WARN_ENUM_CONVERSION = YES;
				CLANG_WARN_INFINITE_RECURSION = YES;
				CLANG_WARN_INT_CONVERSION = YES;
				CLANG_WARN_NON_LITERAL_NULL_CONVERSION = YES;
				CLANG_WARN_OBJC_IMPLICIT_RETAIN_SELF = YES;
				CLANG_WARN_OBJC_LITERAL_CONVERSION = YES;
				CLANG_WARN_OBJC_ROOT_CLASS = YES_ERROR;
				CLANG_WARN_QUOTED_INCLUDE_IN_FRAMEWORK_HEADER = YES;
				CLANG_WARN_RANGE_LOOP_ANALYSIS = YES;
				CLANG_WARN_STRICT_PROTOTYPES = YES;
				CLANG_WARN_SUSPICIOUS_MOVE = YES;
				CLANG_WARN_UNGUARDED_AVAILABILITY = YES_AGGRESSIVE;
				CLANG_WARN_UNREACHABLE_CODE = YES;
				CLANG_WARN__DUPLICATE_METHOD_MATCH = YES;
				COPY_PHASE_STRIP = NO;
				DEBUG_INFORMATION_FORMAT = "dwarf-with-dsym";
				ENABLE_NS_ASSERTIONS = NO;
				ENABLE_STRICT_OBJC_MSGSEND = YES;
				ENABLE_USER_SCRIPT_SANDBOXING = YES;
				GCC_C_LANGUAGE_STANDARD = gnu17;
				GCC_NO_COMMON_BLOCKS = YES;
				GCC_WARN_64_TO_32_BIT_CONVERSION = YES;
				GCC_WARN_ABOUT_RETURN_TYPE = YES_ERROR;
				GCC_WARN_UNDECLARED_SELECTOR = YES;
				GCC_WARN_UNINITIALIZED_AUTOS = YES_AGGRESSIVE;
				GCC_WARN_UNUSED_FUNCTION = YES;
				GCC_WARN_UNUSED_VARIABLE = YES;
				IPHONEOS_DEPLOYMENT_TARGET = 18.5;
				LOCALIZATION_PREFERS_STRING_CATALOGS = YES;
				MTL_ENABLE_DEBUG_INFO = NO;
				MTL_FAST_MATH = YES;
				SDKROOT = iphoneos;
				SWIFT_COMPILATION_MODE = wholemodule;
				VALIDATE_PRODUCT = YES;
			};
			name = Release;
		};
		C46698B52DF421C50094202D /* Debug */ = {
			isa = XCBuildConfiguration;
			buildSettings = {
				ASSETCATALOG_COMPILER_APPICON_NAME = AppIcon;
				ASSETCATALOG_COMPILER_GLOBAL_ACCENT_COLOR_NAME = AccentColor;
				CODE_SIGN_STYLE = Automatic;
				CURRENT_PROJECT_VERSION = 1;
				ENABLE_PREVIEWS = YES;
				GENERATE_INFOPLIST_FILE = YES;
				INFOPLIST_KEY_CFBundleDisplayName = "To Do List";
				INFOPLIST_KEY_UIApplicationSceneManifest_Generation = YES;
				INFOPLIST_KEY_UIApplicationSupportsIndirectInputEvents = YES;
				INFOPLIST_KEY_UILaunchScreen_Generation = YES;
				INFOPLIST_KEY_UISupportedInterfaceOrientations = UIInterfaceOrientationPortrait;
				LD_RUNPATH_SEARCH_PATHS = (
					"$(inherited)",
					"@executable_path/Frameworks",
				);
				MARKETING_VERSION = 1.0;
				PRODUCT_BUNDLE_IDENTIFIER = fede.ToDoListApp;
				PRODUCT_NAME = "$(TARGET_NAME)";
				SWIFT_EMIT_LOC_STRINGS = YES;
				SWIFT_VERSION = 5.0;
				TARGETED_DEVICE_FAMILY = "1,2";
			};
			name = Debug;
		};
		C46698B62DF421C50094202D /* Release */ = {
			isa = XCBuildConfiguration;
			buildSettings = {
				ASSETCATALOG_COMPILER_APPICON_NAME = AppIcon;
				ASSETCATALOG_COMPILER_GLOBAL_ACCENT_COLOR_NAME = AccentColor;
				CODE_SIGN_STYLE = Automatic;
				CURRENT_PROJECT_VERSION = 1;
				ENABLE_PREVIEWS = YES;
				GENERATE_INFOPLIST_FILE = YES;
				INFOPLIST_KEY_CFBundleDisplayName = "To Do List";
				INFOPLIST_KEY_UIApplicationSceneManifest_Generation = YES;
				INFOPLIST_KEY_UIApplicationSupportsIndirectInputEvents = YES;
				INFOPLIST_KEY_UILaunchScreen_Generation = YES;
				INFOPLIST_KEY_UISupportedInterfaceOrientations = UIInterfaceOrientationPortrait;
				LD_RUNPATH_SEARCH_PATHS = (
					"$(inherited)",
					"@executable_path/Frameworks",
				);
				MARKETING_VERSION = 1.0;
				PRODUCT_BUNDLE_IDENTIFIER = fede.ToDoListApp;
				PRODUCT_NAME = "$(TARGET_NAME)";
				SWIFT_EMIT_LOC_STRINGS = YES;
				SWIFT_VERSION = 5.0;
				TARGETED_DEVICE_FAMILY = "1,2";
			};
			name = Release;
		};
		C46698B82DF421C50094202D /* Debug */ = {
			isa = XCBuildConfiguration;
			buildSettings = {
				BUNDLE_LOADER = "$(TEST_HOST)";
				CODE_SIGN_STYLE = Automatic;
				CURRENT_PROJECT_VERSION = 1;
				GENERATE_INFOPLIST_FILE = YES;
				IPHONEOS_DEPLOYMENT_TARGET = 18.5;
				MARKETING_VERSION = 1.0;
				PRODUCT_BUNDLE_IDENTIFIER = fede.ToDoListAppTests;
				PRODUCT_NAME = "$(TARGET_NAME)";
				SWIFT_EMIT_LOC_STRINGS = NO;
				SWIFT_VERSION = 5.0;
				TARGETED_DEVICE_FAMILY = "1,2";
				TEST_HOST = "$(BUILT_PRODUCTS_DIR)/ToDoListApp.app/$(BUNDLE_EXECUTABLE_FOLDER_PATH)/ToDoListApp";
			};
			name = Debug;
		};
		C46698B92DF421C50094202D /* Release */ = {
			isa = XCBuildConfiguration;
			buildSettings = {
				BUNDLE_LOADER = "$(TEST_HOST)";
				CODE_SIGN_STYLE = Automatic;
				CURRENT_PROJECT_VERSION = 1;
				GENERATE_INFOPLIST_FILE = YES;
				IPHONEOS_DEPLOYMENT_TARGET = 18.5;
				MARKETING_VERSION = 1.0;
				PRODUCT_BUNDLE_IDENTIFIER = fede.ToDoListAppTests;
				PRODUCT_NAME = "$(TARGET_NAME)";
				SWIFT_EMIT_LOC_STRINGS = NO;
				SWIFT_VERSION = 5.0;
				TARGETED_DEVICE_FAMILY = "1,2";
				TEST_HOST = "$(BUILT_PRODUCTS_DIR)/ToDoListApp.app/$(BUNDLE_EXECUTABLE_FOLDER_PATH)/ToDoListApp";
			};
			name = Release;
		};
		C46698BB2DF421C50094202D /* Debug */ = {
			isa = XCBuildConfiguration;
			buildSettings = {
				CODE_SIGN_STYLE = Automatic;
				CURRENT_PROJECT_VERSION = 1;
				GENERATE_INFOPLIST_FILE = YES;
				MARKETING_VERSION = 1.0;
				PRODUCT_BUNDLE_IDENTIFIER = fede.ToDoListAppUITests;
				PRODUCT_NAME = "$(TARGET_NAME)";
				SWIFT_EMIT_LOC_STRINGS = NO;
				SWIFT_VERSION = 5.0;
				TARGETED_DEVICE_FAMILY = "1,2";
				TEST_TARGET_NAME = ToDoListApp;
			};
			name = Debug;
		};
		C46698BC2DF421C50094202D /* Release */ = {
			isa = XCBuildConfiguration;
			buildSettings = {
				CODE_SIGN_STYLE = Automatic;
				CURRENT_PROJECT_VERSION = 1;
				GENERATE_INFOPLIST_FILE = YES;
				MARKETING_VERSION = 1.0;
				PRODUCT_BUNDLE_IDENTIFIER = fede.ToDoListAppUITests;
				PRODUCT_NAME = "$(TARGET_NAME)";
				SWIFT_EMIT_LOC_STRINGS = NO;
				SWIFT_VERSION = 5.0;
				TARGETED_DEVICE_FAMILY = "1,2";
				TEST_TARGET_NAME = ToDoListApp;
			};
			name = Release;
		};
/* End XCBuildConfiguration section */

/* Begin XCConfigurationList section */
		C466988E2DF421C40094202D /* Build configuration list for PBXProject "ToDoListApp" */ = {
			isa = XCConfigurationList;
			buildConfigurations = (
				C46698B22DF421C50094202D /* Debug */,
				C46698B32DF421C50094202D /* Release */,
			);
			defaultConfigurationIsVisible = 0;
			defaultConfigurationName = Release;
		};
		C46698B42DF421C50094202D /* Build configuration list for PBXNativeTarget "ToDoListApp" */ = {
			isa = XCConfigurationList;
			buildConfigurations = (
				C46698B52DF421C50094202D /* Debug */,
				C46698B62DF421C50094202D /* Release */,
			);
			defaultConfigurationIsVisible = 0;
			defaultConfigurationName = Release;
		};
		C46698B72DF421C50094202D /* Build configuration list for PBXNativeTarget "ToDoListAppTests" */ = {
			isa = XCConfigurationList;
			buildConfigurations = (
				C46698B82DF421C50094202D /* Debug */,
				C46698B92DF421C50094202D /* Release */,
			);
			defaultConfigurationIsVisible = 0;
			defaultConfigurationName = Release;
		};
		C46698BA2DF421C50094202D /* Build configuration list for PBXNativeTarget "ToDoListAppUITests" */ = {
			isa = XCConfigurationList;
			buildConfigurations = (
				C46698BB2DF421C50094202D /* Debug */,
				C46698BC2DF421C50094202D /* Release */,
			);
			defaultConfigurationIsVisible = 0;
			defaultConfigurationName = Release;
		};
/* End XCConfigurationList section */

/* Begin XCRemoteSwiftPackageReference section */
		C4F6F24D2DFD87AD003E65BE /* XCRemoteSwiftPackageReference "firebase-ios-sdk" */ = {
			isa = XCRemoteSwiftPackageReference;
			repositoryURL = "https://github.com/firebase/firebase-ios-sdk";
			requirement = {
				kind = upToNextMajorVersion;
				minimumVersion = 10.0.0;
			};
		};
/* End XCRemoteSwiftPackageReference section */

/* Begin XCSwiftPackageProductDependency section */
		C4B341E42E008ED9005A166B /* FirebaseDatabase */ = {
			isa = XCSwiftPackageProductDependency;
			package = C4F6F24D2DFD87AD003E65BE /* XCRemoteSwiftPackageReference "firebase-ios-sdk" */;
			productName = FirebaseDatabase;
		};
		C4B341E62E008ED9005A166B /* FirebaseDatabaseSwift */ = {
			isa = XCSwiftPackageProductDependency;
			package = C4F6F24D2DFD87AD003E65BE /* XCRemoteSwiftPackageReference "firebase-ios-sdk" */;
			productName = FirebaseDatabaseSwift;
		};
		C4B341E82E008ED9005A166B /* FirebaseFirestoreCombine-Community */ = {
			isa = XCSwiftPackageProductDependency;
			package = C4F6F24D2DFD87AD003E65BE /* XCRemoteSwiftPackageReference "firebase-ios-sdk" */;
			productName = "FirebaseFirestoreCombine-Community";
		};
		C4B341EA2E008ED9005A166B /* FirebaseStorage */ = {
			isa = XCSwiftPackageProductDependency;
			package = C4F6F24D2DFD87AD003E65BE /* XCRemoteSwiftPackageReference "firebase-ios-sdk" */;
			productName = FirebaseStorage;
		};
		C4F6F24E2DFD87AD003E65BE /* FirebaseAuth */ = {
			isa = XCSwiftPackageProductDependency;
			package = C4F6F24D2DFD87AD003E65BE /* XCRemoteSwiftPackageReference "firebase-ios-sdk" */;
			productName = FirebaseAuth;
		};
		C4F6F2502DFD87AD003E65BE /* FirebaseFirestore */ = {
			isa = XCSwiftPackageProductDependency;
			package = C4F6F24D2DFD87AD003E65BE /* XCRemoteSwiftPackageReference "firebase-ios-sdk" */;
			productName = FirebaseFirestore;
		};
		C4F6F2522DFD87AD003E65BE /* FirebaseFirestoreSwift */ = {
			isa = XCSwiftPackageProductDependency;
			package = C4F6F24D2DFD87AD003E65BE /* XCRemoteSwiftPackageReference "firebase-ios-sdk" */;
			productName = FirebaseFirestoreSwift;
		};
/* End XCSwiftPackageProductDependency section */
	};
	rootObject = C466988B2DF421C40094202D /* Project object */;
}
